// !$*UTF8*$!
{
	archiveVersion = 1;
	classes = {
	};
	objectVersion = 50;
	objects = {

/* Begin PBXBuildFile section */
		E5CA74C02584B38D00719F72 /* 1400269600.conf in Resources */ = {isa = PBXBuildFile; fileRef = E5CA74B12584B38C00719F72 /* 1400269600.conf */; };
		E5CA74C12584B38D00719F72 /* 1400098016.conf in Resources */ = {isa = PBXBuildFile; fileRef = E5CA74B22584B38C00719F72 /* 1400098016.conf */; };
		E5CA74C22584B38D00719F72 /* 1400321069.conf in Resources */ = {isa = PBXBuildFile; fileRef = E5CA74B32584B38C00719F72 /* 1400321069.conf */; };
		E5CA74C32584B38D00719F72 /* 1400143280.conf in Resources */ = {isa = PBXBuildFile; fileRef = E5CA74B42584B38C00719F72 /* 1400143280.conf */; };
		E5CA74C42584B38D00719F72 /* 1400036169.conf in Resources */ = {isa = PBXBuildFile; fileRef = E5CA74B52584B38C00719F72 /* 1400036169.conf */; };
		E5CA74C52584B38D00719F72 /* 1400212767.conf in Resources */ = {isa = PBXBuildFile; fileRef = E5CA74B62584B38C00719F72 /* 1400212767.conf */; };
		E5CA74C62584B38D00719F72 /* 1400115281.conf in Resources */ = {isa = PBXBuildFile; fileRef = E5CA74B72584B38C00719F72 /* 1400115281.conf */; };
		E5CA74C72584B38D00719F72 /* 1400244218.conf in Resources */ = {isa = PBXBuildFile; fileRef = E5CA74B82584B38C00719F72 /* 1400244218.conf */; };
		E5CA74C82584B38D00719F72 /* voip_call.mp3 in Resources */ = {isa = PBXBuildFile; fileRef = E5CA74B92584B38C00719F72 /* voip_call.mp3 */; };
		E5CA74C92584B38D00719F72 /* 00.caf in Resources */ = {isa = PBXBuildFile; fileRef = E5CA74BA2584B38C00719F72 /* 00.caf */; };
		E5CA74CA2584B38D00719F72 /* YZChat.xcassets in Resources */ = {isa = PBXBuildFile; fileRef = E5CA74BB2584B38C00719F72 /* YZChat.xcassets */; };
		E5CA74CB2584B38D00719F72 /* 01.caf in Resources */ = {isa = PBXBuildFile; fileRef = E5CA74BC2584B38C00719F72 /* 01.caf */; };
		E5CA74CD2584B38D00719F72 /* sms-received.caf in Resources */ = {isa = PBXBuildFile; fileRef = E5CA74BE2584B38D00719F72 /* sms-received.caf */; };
		E5CA74CE2584B38D00719F72 /* voip_calling_ring.mp3 in Resources */ = {isa = PBXBuildFile; fileRef = E5CA74BF2584B38D00719F72 /* voip_calling_ring.mp3 */; };
/* End PBXBuildFile section */

/* Begin PBXFileReference section */
		E5CA74852584B0AD00719F72 /* YZChatResource.bundle */ = {isa = PBXFileReference; explicitFileType = wrapper.cfbundle; includeInIndex = 0; path = YZChatResource.bundle; sourceTree = BUILT_PRODUCTS_DIR; };
		E5CA74B12584B38C00719F72 /* 1400269600.conf */ = {isa = PBXFileReference; fileEncoding = 4; lastKnownFileType = text; path = 1400269600.conf; sourceTree = "<group>"; };
		E5CA74B22584B38C00719F72 /* 1400098016.conf */ = {isa = PBXFileReference; fileEncoding = 4; lastKnownFileType = text; path = 1400098016.conf; sourceTree = "<group>"; };
		E5CA74B32584B38C00719F72 /* 1400321069.conf */ = {isa = PBXFileReference; fileEncoding = 4; lastKnownFileType = text; path = 1400321069.conf; sourceTree = "<group>"; };
		E5CA74B42584B38C00719F72 /* 1400143280.conf */ = {isa = PBXFileReference; fileEncoding = 4; lastKnownFileType = text; path = 1400143280.conf; sourceTree = "<group>"; };
		E5CA74B52584B38C00719F72 /* 1400036169.conf */ = {isa = PBXFileReference; fileEncoding = 4; lastKnownFileType = text; path = 1400036169.conf; sourceTree = "<group>"; };
		E5CA74B62584B38C00719F72 /* 1400212767.conf */ = {isa = PBXFileReference; fileEncoding = 4; lastKnownFileType = text; path = 1400212767.conf; sourceTree = "<group>"; };
		E5CA74B72584B38C00719F72 /* 1400115281.conf */ = {isa = PBXFileReference; fileEncoding = 4; lastKnownFileType = text; path = 1400115281.conf; sourceTree = "<group>"; };
		E5CA74B82584B38C00719F72 /* 1400244218.conf */ = {isa = PBXFileReference; fileEncoding = 4; lastKnownFileType = text; path = 1400244218.conf; sourceTree = "<group>"; };
		E5CA74B92584B38C00719F72 /* voip_call.mp3 */ = {isa = PBXFileReference; lastKnownFileType = audio.mp3; path = voip_call.mp3; sourceTree = "<group>"; };
		E5CA74BA2584B38C00719F72 /* 00.caf */ = {isa = PBXFileReference; lastKnownFileType = file; path = 00.caf; sourceTree = "<group>"; };
		E5CA74BB2584B38C00719F72 /* YZChat.xcassets */ = {isa = PBXFileReference; lastKnownFileType = folder.assetcatalog; path = YZChat.xcassets; sourceTree = "<group>"; };
		E5CA74BC2584B38C00719F72 /* 01.caf */ = {isa = PBXFileReference; lastKnownFileType = file; path = 01.caf; sourceTree = "<group>"; };
		E5CA74BD2584B38C00719F72 /* Info.plist */ = {isa = PBXFileReference; fileEncoding = 4; lastKnownFileType = text.plist.xml; path = Info.plist; sourceTree = "<group>"; };
		E5CA74BE2584B38D00719F72 /* sms-received.caf */ = {isa = PBXFileReference; lastKnownFileType = file; path = "sms-received.caf"; sourceTree = "<group>"; };
		E5CA74BF2584B38D00719F72 /* voip_calling_ring.mp3 */ = {isa = PBXFileReference; lastKnownFileType = audio.mp3; path = voip_calling_ring.mp3; sourceTree = "<group>"; };
/* End PBXFileReference section */

/* Begin PBXFrameworksBuildPhase section */
		E5CA74822584B0AD00719F72 /* Frameworks */ = {
			isa = PBXFrameworksBuildPhase;
			buildActionMask = 2147483647;
			files = (
			);
			runOnlyForDeploymentPostprocessing = 0;
		};
/* End PBXFrameworksBuildPhase section */

/* Begin PBXGroup section */
		E5CA747C2584B0AD00719F72 = {
			isa = PBXGroup;
			children = (
				E5CA74872584B0AD00719F72 /* YZChatResource */,
				E5CA74862584B0AD00719F72 /* Products */,
			);
			sourceTree = "<group>";
		};
		E5CA74862584B0AD00719F72 /* Products */ = {
			isa = PBXGroup;
			children = (
				E5CA74852584B0AD00719F72 /* YZChatResource.bundle */,
			);
			name = Products;
			sourceTree = "<group>";
		};
		E5CA74872584B0AD00719F72 /* YZChatResource */ = {
			isa = PBXGroup;
			children = (
				E5CA74BA2584B38C00719F72 /* 00.caf */,
				E5CA74BC2584B38C00719F72 /* 01.caf */,
				E5CA74BE2584B38D00719F72 /* sms-received.caf */,
				E5CA74B92584B38C00719F72 /* voip_call.mp3 */,
				E5CA74BF2584B38D00719F72 /* voip_calling_ring.mp3 */,
				E5CA74BD2584B38C00719F72 /* Info.plist */,
				E5CA74BB2584B38C00719F72 /* YZChat.xcassets */,
				E5CA74B02584B38C00719F72 /* conf */,
			);
			path = YZChatResource;
			sourceTree = "<group>";
		};
		E5CA74B02584B38C00719F72 /* conf */ = {
			isa = PBXGroup;
			children = (
				E5CA74B12584B38C00719F72 /* 1400269600.conf */,
				E5CA74B22584B38C00719F72 /* 1400098016.conf */,
				E5CA74B32584B38C00719F72 /* 1400321069.conf */,
				E5CA74B42584B38C00719F72 /* 1400143280.conf */,
				E5CA74B52584B38C00719F72 /* 1400036169.conf */,
				E5CA74B62584B38C00719F72 /* 1400212767.conf */,
				E5CA74B72584B38C00719F72 /* 1400115281.conf */,
				E5CA74B82584B38C00719F72 /* 1400244218.conf */,
			);
			path = conf;
			sourceTree = "<group>";
		};
/* End PBXGroup section */

/* Begin PBXNativeTarget section */
		E5CA74842584B0AD00719F72 /* YZChatResource */ = {
			isa = PBXNativeTarget;
			buildConfigurationList = E5CA748B2584B0AD00719F72 /* Build configuration list for PBXNativeTarget "YZChatResource" */;
			buildPhases = (
				E5CA74812584B0AD00719F72 /* Sources */,
				E5CA74822584B0AD00719F72 /* Frameworks */,
				E5CA74832584B0AD00719F72 /* Resources */,
			);
			buildRules = (
			);
			dependencies = (
			);
			name = YZChatResource;
			productName = YZChatResource;
			productReference = E5CA74852584B0AD00719F72 /* YZChatResource.bundle */;
			productType = "com.apple.product-type.bundle";
		};
/* End PBXNativeTarget section */

/* Begin PBXProject section */
		E5CA747D2584B0AD00719F72 /* Project object */ = {
			isa = PBXProject;
			attributes = {
				LastUpgradeCheck = 1220;
				TargetAttributes = {
					E5CA74842584B0AD00719F72 = {
						CreatedOnToolsVersion = 12.2;
					};
				};
			};
			buildConfigurationList = E5CA74802584B0AD00719F72 /* Build configuration list for PBXProject "YZChatResource" */;
			compatibilityVersion = "Xcode 9.3";
			developmentRegion = en;
			hasScannedForEncodings = 0;
			knownRegions = (
				en,
				Base,
			);
			mainGroup = E5CA747C2584B0AD00719F72;
			productRefGroup = E5CA74862584B0AD00719F72 /* Products */;
			projectDirPath = "";
			projectRoot = "";
			targets = (
				E5CA74842584B0AD00719F72 /* YZChatResource */,
			);
		};
/* End PBXProject section */

/* Begin PBXResourcesBuildPhase section */
		E5CA74832584B0AD00719F72 /* Resources */ = {
			isa = PBXResourcesBuildPhase;
			buildActionMask = 2147483647;
			files = (
				E5CA74C92584B38D00719F72 /* 00.caf in Resources */,
				E5CA74C12584B38D00719F72 /* 1400098016.conf in Resources */,
				E5CA74C62584B38D00719F72 /* 1400115281.conf in Resources */,
				E5CA74C52584B38D00719F72 /* 1400212767.conf in Resources */,
				E5CA74C82584B38D00719F72 /* voip_call.mp3 in Resources */,
				E5CA74C22584B38D00719F72 /* 1400321069.conf in Resources */,
				E5CA74C32584B38D00719F72 /* 1400143280.conf in Resources */,
				E5CA74CD2584B38D00719F72 /* sms-received.caf in Resources */,
				E5CA74CB2584B38D00719F72 /* 01.caf in Resources */,
				E5CA74C72584B38D00719F72 /* 1400244218.conf in Resources */,
				E5CA74C02584B38D00719F72 /* 1400269600.conf in Resources */,
				E5CA74CA2584B38D00719F72 /* YZChat.xcassets in Resources */,
				E5CA74C42584B38D00719F72 /* 1400036169.conf in Resources */,
				E5CA74CE2584B38D00719F72 /* voip_calling_ring.mp3 in Resources */,
			);
			runOnlyForDeploymentPostprocessing = 0;
		};
/* End PBXResourcesBuildPhase section */

/* Begin PBXSourcesBuildPhase section */
		E5CA74812584B0AD00719F72 /* Sources */ = {
			isa = PBXSourcesBuildPhase;
			buildActionMask = 2147483647;
			files = (
			);
			runOnlyForDeploymentPostprocessing = 0;
		};
/* End PBXSourcesBuildPhase section */

/* Begin XCBuildConfiguration section */
		E5CA74892584B0AD00719F72 /* Debug */ = {
			isa = XCBuildConfiguration;
			buildSettings = {
				ALWAYS_SEARCH_USER_PATHS = NO;
				CLANG_ANALYZER_NONNULL = YES;
				CLANG_ANALYZER_NUMBER_OBJECT_CONVERSION = YES_AGGRESSIVE;
				CLANG_CXX_LANGUAGE_STANDARD = "gnu++14";
				CLANG_CXX_LIBRARY = "libc++";
				CLANG_ENABLE_MODULES = YES;
				CLANG_ENABLE_OBJC_ARC = YES;
				CLANG_ENABLE_OBJC_WEAK = YES;
				CLANG_WARN_BLOCK_CAPTURE_AUTORELEASING = YES;
				CLANG_WARN_BOOL_CONVERSION = YES;
				CLANG_WARN_COMMA = YES;
				CLANG_WARN_CONSTANT_CONVERSION = YES;
				CLANG_WARN_DEPRECATED_OBJC_IMPLEMENTATIONS = YES;
				CLANG_WARN_DIRECT_OBJC_ISA_USAGE = YES_ERROR;
				CLANG_WARN_DOCUMENTATION_COMMENTS = YES;
				CLANG_WARN_EMPTY_BODY = YES;
				CLANG_WARN_ENUM_CONVERSION = YES;
				CLANG_WARN_INFINITE_RECURSION = YES;
				CLANG_WARN_INT_CONVERSION = YES;
				CLANG_WARN_NON_LITERAL_NULL_CONVERSION = YES;
				CLANG_WARN_OBJC_IMPLICIT_RETAIN_SELF = YES;
				CLANG_WARN_OBJC_LITERAL_CONVERSION = YES;
				CLANG_WARN_OBJC_ROOT_CLASS = YES_ERROR;
				CLANG_WARN_QUOTED_INCLUDE_IN_FRAMEWORK_HEADER = YES;
				CLANG_WARN_RANGE_LOOP_ANALYSIS = YES;
				CLANG_WARN_STRICT_PROTOTYPES = YES;
				CLANG_WARN_SUSPICIOUS_MOVE = YES;
				CLANG_WARN_UNGUARDED_AVAILABILITY = YES_AGGRESSIVE;
				CLANG_WARN_UNREACHABLE_CODE = YES;
				CLANG_WARN__DUPLICATE_METHOD_MATCH = YES;
				COPY_PHASE_STRIP = NO;
				DEBUG_INFORMATION_FORMAT = dwarf;
				ENABLE_STRICT_OBJC_MSGSEND = YES;
				ENABLE_TESTABILITY = YES;
				GCC_C_LANGUAGE_STANDARD = gnu11;
				GCC_DYNAMIC_NO_PIC = NO;
				GCC_NO_COMMON_BLOCKS = YES;
				GCC_OPTIMIZATION_LEVEL = 0;
				GCC_PREPROCESSOR_DEFINITIONS = (
					"DEBUG=1",
					"$(inherited)",
				);
				GCC_WARN_64_TO_32_BIT_CONVERSION = YES;
				GCC_WARN_ABOUT_RETURN_TYPE = YES_ERROR;
				GCC_WARN_UNDECLARED_SELECTOR = YES;
				GCC_WARN_UNINITIALIZED_AUTOS = YES_AGGRESSIVE;
				GCC_WARN_UNUSED_FUNCTION = YES;
				GCC_WARN_UNUSED_VARIABLE = YES;
				MACOSX_DEPLOYMENT_TARGET = 11.0;
				MTL_ENABLE_DEBUG_INFO = INCLUDE_SOURCE;
				MTL_FAST_MATH = YES;
				ONLY_ACTIVE_ARCH = YES;
				SDKROOT = macosx;
			};
			name = Debug;
		};
		E5CA748A2584B0AD00719F72 /* Release */ = {
			isa = XCBuildConfiguration;
			buildSettings = {
				ALWAYS_SEARCH_USER_PATHS = NO;
				CLANG_ANALYZER_NONNULL = YES;
				CLANG_ANALYZER_NUMBER_OBJECT_CONVERSION = YES_AGGRESSIVE;
				CLANG_CXX_LANGUAGE_STANDARD = "gnu++14";
				CLANG_CXX_LIBRARY = "libc++";
				CLANG_ENABLE_MODULES = YES;
				CLANG_ENABLE_OBJC_ARC = YES;
				CLANG_ENABLE_OBJC_WEAK = YES;
				CLANG_WARN_BLOCK_CAPTURE_AUTORELEASING = YES;
				CLANG_WARN_BOOL_CONVERSION = YES;
				CLANG_WARN_COMMA = YES;
				CLANG_WARN_CONSTANT_CONVERSION = YES;
				CLANG_WARN_DEPRECATED_OBJC_IMPLEMENTATIONS = YES;
				CLANG_WARN_DIRECT_OBJC_ISA_USAGE = YES_ERROR;
				CLANG_WARN_DOCUMENTATION_COMMENTS = YES;
				CLANG_WARN_EMPTY_BODY = YES;
				CLANG_WARN_ENUM_CONVERSION = YES;
				CLANG_WARN_INFINITE_RECURSION = YES;
				CLANG_WARN_INT_CONVERSION = YES;
				CLANG_WARN_NON_LITERAL_NULL_CONVERSION = YES;
				CLANG_WARN_OBJC_IMPLICIT_RETAIN_SELF = YES;
				CLANG_WARN_OBJC_LITERAL_CONVERSION = YES;
				CLANG_WARN_OBJC_ROOT_CLASS = YES_ERROR;
				CLANG_WARN_QUOTED_INCLUDE_IN_FRAMEWORK_HEADER = YES;
				CLANG_WARN_RANGE_LOOP_ANALYSIS = YES;
				CLANG_WARN_STRICT_PROTOTYPES = YES;
				CLANG_WARN_SUSPICIOUS_MOVE = YES;
				CLANG_WARN_UNGUARDED_AVAILABILITY = YES_AGGRESSIVE;
				CLANG_WARN_UNREACHABLE_CODE = YES;
				CLANG_WARN__DUPLICATE_METHOD_MATCH = YES;
				COPY_PHASE_STRIP = NO;
				DEBUG_INFORMATION_FORMAT = "dwarf-with-dsym";
				ENABLE_NS_ASSERTIONS = NO;
				ENABLE_STRICT_OBJC_MSGSEND = YES;
				GCC_C_LANGUAGE_STANDARD = gnu11;
				GCC_NO_COMMON_BLOCKS = YES;
				GCC_WARN_64_TO_32_BIT_CONVERSION = YES;
				GCC_WARN_ABOUT_RETURN_TYPE = YES_ERROR;
				GCC_WARN_UNDECLARED_SELECTOR = YES;
				GCC_WARN_UNINITIALIZED_AUTOS = YES_AGGRESSIVE;
				GCC_WARN_UNUSED_FUNCTION = YES;
				GCC_WARN_UNUSED_VARIABLE = YES;
				MACOSX_DEPLOYMENT_TARGET = 11.0;
				MTL_ENABLE_DEBUG_INFO = NO;
				MTL_FAST_MATH = YES;
				SDKROOT = macosx;
			};
			name = Release;
		};
		E5CA748C2584B0AD00719F72 /* Debug */ = {
			isa = XCBuildConfiguration;
			buildSettings = {
				CODE_SIGN_STYLE = Automatic;
				COMBINE_HIDPI_IMAGES = NO;
				INFOPLIST_FILE = YZChatResource/Info.plist;
				INSTALL_PATH = "";
				PRODUCT_BUNDLE_IDENTIFIER = com.yuanzhi.chat.YZChatResource;
				PRODUCT_NAME = "$(TARGET_NAME)";
				SDKROOT = iphoneos;
				SKIP_INSTALL = YES;
				WRAPPER_EXTENSION = bundle;
			};
			name = Debug;
		};
		E5CA748D2584B0AD00719F72 /* Release */ = {
			isa = XCBuildConfiguration;
			buildSettings = {
				CODE_SIGN_STYLE = Automatic;
				COMBINE_HIDPI_IMAGES = NO;
				INFOPLIST_FILE = YZChatResource/Info.plist;
				INSTALL_PATH = "";
				PRODUCT_BUNDLE_IDENTIFIER = com.yuanzhi.chat.YZChatResource;
				PRODUCT_NAME = "$(TARGET_NAME)";
				SDKROOT = iphoneos;
				SKIP_INSTALL = YES;
				WRAPPER_EXTENSION = bundle;
			};
			name = Release;
		};
/* End XCBuildConfiguration section */

/* Begin XCConfigurationList section */
		E5CA74802584B0AD00719F72 /* Build configuration list for PBXProject "YZChatResource" */ = {
			isa = XCConfigurationList;
			buildConfigurations = (
				E5CA74892584B0AD00719F72 /* Debug */,
				E5CA748A2584B0AD00719F72 /* Release */,
			);
			defaultConfigurationIsVisible = 0;
			defaultConfigurationName = Release;
		};
		E5CA748B2584B0AD00719F72 /* Build configuration list for PBXNativeTarget "YZChatResource" */ = {
			isa = XCConfigurationList;
			buildConfigurations = (
				E5CA748C2584B0AD00719F72 /* Debug */,
				E5CA748D2584B0AD00719F72 /* Release */,
			);
			defaultConfigurationIsVisible = 0;
			defaultConfigurationName = Release;
		};
/* End XCConfigurationList section */
	};
	rootObject = E5CA747D2584B0AD00719F72 /* Project object */;
}
